
Microsoft Visual Studio Solution File, Format Version 12.00
# Visual Studio Version 17
VisualStudioVersion = 17.0.31912.275
MinimumVisualStudioVersion = 10.0.40219.1
Project("{FAE04EC0-301F-11D3-BF4B-00C04F79EFBC}") = "FullStackCodeAssessment", "FullStackCodeAssessment\FullStackCodeAssessment.csproj", "{4A13F36A-67B9-4001-B59D-04669B149D10}"
EndProject
Global
	GlobalSection(SolutionConfigurationPlatforms) = preSolution
		Debug|Any CPU = Debug|Any CPU
		Release|Any CPU = Release|Any CPU
	EndGlobalSection
	GlobalSection(ProjectConfigurationPlatforms) = postSolution
		{4A13F36A-67B9-4001-B59D-04669B149D10}.Debug|Any CPU.ActiveCfg = Debug|Any CPU
		{4A13F36A-67B9-4001-B59D-04669B149D10}.Debug|Any CPU.Build.0 = Debug|Any CPU
		{4A13F36A-67B9-4001-B59D-04669B149D10}.Release|Any CPU.ActiveCfg = Release|Any CPU
		{4A13F36A-67B9-4001-B59D-04669B149D10}.Release|Any CPU.Build.0 = Release|Any CPU
	EndGlobalSection
	GlobalSection(SolutionProperties) = preSolution
		HideSolutionNode = FALSE
	EndGlobalSection
	GlobalSection(ExtensibilityGlobals) = postSolution
		SolutionGuid = {421ABF6A-0F14-466C-8317-3768D7A7D785}
	EndGlobalSection
EndGlobal
